# This file is autogenerated, do not edit; changes may be undone by the next 'dep ensure'.


[[projects]]
  branch = "master"
  digest = "1:984836aaa178d51b9a4234d13f361b5c5c04939ee2f7dead8ecd3656dd13e578"
  name = "github.com/EGT-Ukraine/dataloaden"
  packages = ["pkg/generator"]
  pruneopts = ""
  revision = "88ee3d897d3232754f06b0e7a27dfeb25d80d443"

[[projects]]
  digest = "1:c0952fb3cf9506cff577b4edf4458889570dcbd2902a7b90a1fd96bfbb97ccd8"
  name = "github.com/PuerkitoBio/purell"
  packages = ["."]
  pruneopts = ""
  revision = "44968752391892e1b0d0b821ee79e9a85fa13049"
  version = "v1.1.1"

[[projects]]
  branch = "master"
  digest = "1:331a419049c2be691e5ba1d24342fc77c7e767a80c666a18fd8a9f7b82419c1c"
  name = "github.com/PuerkitoBio/urlesc"
  packages = ["."]
  pruneopts = ""
  revision = "de5bf2ad457846296e2031421a34e2568e304e35"

[[projects]]
  digest = "1:d8a2bb36a048d1571bcc1aee208b61f39dc16c6c53823feffd37449dde162507"
  name = "github.com/asaskevich/govalidator"
  packages = ["."]
  pruneopts = ""
  revision = "ccb8e960c48f04d6935e72476ae4a51028f9e22f"
  version = "v9"

[[projects]]
  digest = "1:0deddd908b6b4b768cfc272c16ee61e7088a60f7fe2f06c547bd3d8e1f8b8e77"
  name = "github.com/davecgh/go-spew"
  packages = ["spew"]
  pruneopts = ""
  revision = "8991bc29aa16c548c550c7ff78260e27b9ab7c73"
  version = "v1.1.1"

[[projects]]
  digest = "1:23044e6db8ebb1faee1f2bd02029d7dec2eac74c190e3e0800e9cb6239f96b90"
  name = "github.com/emicklei/proto"
  packages = ["."]
  pruneopts = ""
  revision = "a5b7c169e6f152262212a3249cf127748441f1c0"
  version = "v1.6.11"

[[projects]]
  branch = "master"
  digest = "1:e9ffb9315dce0051beb757d0f0fc25db57c4da654efc4eada4ea109c2d9da815"
  name = "github.com/globalsign/mgo"
  packages = [
    "bson",
    "internal/json",
  ]
  pruneopts = ""
  revision = "eeefdecb41b842af6dc652aaea4026e8403e62df"

[[projects]]
  digest = "1:48f9a43c330434d61098a65bdf4d8cbfbdc0eecf30ab35b1b88405868df6a42b"
  name = "github.com/go-openapi/analysis"
  packages = [
    ".",
    "internal",
  ]
  pruneopts = ""
  revision = "e2f3fdbb7ed0e56e070ccbfb6fc75b288a33c014"
  version = "v0.19.0"

[[projects]]
  digest = "1:90d75a4ad18e82be220162df5f551537c917ef2c0bfa4f04b3bde61130b6286a"
  name = "github.com/go-openapi/errors"
  packages = ["."]
  pruneopts = ""
  revision = "7a7ff1b7b8020f22574411a32f28b4d168d69237"
  version = "v0.19.0"

[[projects]]
  digest = "1:c8052dcf3ec378a9a6bc4f00ecc10d6d5eb3cc1f8faaf6b2f70f047e8881d446"
  name = "github.com/go-openapi/jsonpointer"
  packages = ["."]
  pruneopts = ""
  revision = "ef5f0afec364d3b9396b7b77b43dbe26bf1f8004"
  version = "v0.19.0"

[[projects]]
  digest = "1:1824e5330b35b2a2418d06aa55629cc59ad454b72e338aa125ba8ff98f16298b"
  name = "github.com/go-openapi/jsonreference"
  packages = ["."]
  pruneopts = ""
  revision = "8483a886a90412cd6858df4ea3483dce9c8e35a3"
  version = "v0.19.0"

[[projects]]
  digest = "1:e6529722d1b6bb2e80126d20a03bc05ab4409ace3f006cfa8717c74a8b5ad075"
  name = "github.com/go-openapi/loads"
  packages = ["."]
  pruneopts = ""
  revision = "74628589c3b94e3526a842d24f46589980f5ab22"
  version = "v0.19.0"

[[projects]]
  digest = "1:7a31266660ded380be50e03191d4647febe85d7897ed10e1d37a08d1a69d618b"
  name = "github.com/go-openapi/runtime"
  packages = [
    ".",
    "client",
    "logger",
    "middleware",
    "middleware/denco",
    "middleware/header",
    "middleware/untyped",
    "security",
  ]
  pruneopts = ""
  revision = "109737172424d8a656fd1199e28c9f5cc89b0cca"
  version = "v0.19.0"

[[projects]]
  digest = "1:22359833c00982fb26c61ea501eabbad401de8d811ef5ffc16deddb1e43a21ae"
  name = "github.com/go-openapi/spec"
  packages = ["."]
  pruneopts = ""
  revision = "53d776530bf78a11b03a7b52dd8a083086b045e5"
  version = "v0.19.0"

[[projects]]
  digest = "1:22456783abdafaca3c332a99a6a475d6be417f3a78172a8d5baffbd7606a7cb3"
  name = "github.com/go-openapi/strfmt"
  packages = ["."]
  pruneopts = ""
  revision = "29177d4b5db488583bb97ebc05d3842ebeda91a8"
  version = "v0.19.0"

[[projects]]
  digest = "1:cc03d3134465b9834f70ae1d08be632e4179310d093db62dc1a58b397d10f554"
  name = "github.com/go-openapi/swag"
  packages = ["."]
  pruneopts = ""
  revision = "b3e2804c8535ee0d1b89320afd98474d5b8e9e3b"
  version = "v0.19.0"

[[projects]]
  digest = "1:82e4fc5e135021438f39d5eabae497a5022187735160eee899bdfd37be0af4f2"
  name = "github.com/go-openapi/validate"
  packages = ["."]
  pruneopts = ""
  revision = "5b1623be7460f5a3967a82c00d518048fb190f5e"
  version = "v0.19.0"

[[projects]]
  digest = "1:68c64bb61d55dcd17c82ca0b871ddddb5ae18b30cfe26f6bfd4b6df6287dc2e0"
  name = "github.com/golang/mock"
  packages = ["gomock"]
  pruneopts = ""
  revision = "9fa652df1129bef0e734c9cf9bf6dbae9ef3b9fa"
  version = "1.3.1"

[[projects]]
  digest = "1:529d738b7976c3848cae5cf3a8036440166835e389c1f617af701eeb12a0518d"
  name = "github.com/golang/protobuf"
  packages = [
    "proto",
    "ptypes",
    "ptypes/any",
    "ptypes/duration",
    "ptypes/empty",
    "ptypes/timestamp",
    "ptypes/wrappers",
  ]
  pruneopts = ""
  revision = "b5d812f8a3706043e23a9cd5babf2e5423744d30"
  version = "v1.3.1"

[[projects]]
  branch = "master"
  digest = "1:9f069b4f202ac0f0c40e0a3d07790691d73cca9a5da1d6749532c21df99d58f7"
  name = "github.com/gopherjs/gopherjs"
  packages = ["js"]
  pruneopts = ""
  revision = "3e4dfb77656c424b6d1196a4d5fed0fcf63677cc"

[[projects]]
  digest = "1:cb9a871ee937e0fdbb506ac2a6af08d6ca698679ee3617edc41eef323adf8888"
  name = "github.com/graphql-go/graphql"
  packages = [
    ".",
    "gqlerrors",
    "language/ast",
    "language/kinds",
    "language/lexer",
    "language/location",
    "language/parser",
    "language/printer",
    "language/source",
    "language/typeInfo",
    "language/visitor",
  ]
  pruneopts = ""
  revision = "2b0b7340d2285b861482047fbf5de0488e021bea"
  version = "v0.7.8"

[[projects]]
  digest = "1:a9b751be0c7ee70ea76159d441e7e162cafade014f54ca115a9f797063d9fbfe"
  name = "github.com/graphql-go/handler"
  packages = ["."]
  pruneopts = ""
  revision = "c1267356e6539d975e83bbea383c2bbb861dce5b"
  version = "v0.2.3"

[[projects]]
  digest = "1:8e3bd93036b4a925fe2250d3e4f38f21cadb8ef623561cd80c3c50c114b13201"
  name = "github.com/hashicorp/errwrap"
  packages = ["."]
  pruneopts = ""
  revision = "8a6fb523712970c966eefc6b39ed2c5e74880354"
  version = "v1.0.0"

[[projects]]
  digest = "1:72308fdd6d5ef61106a95be7ca72349a5565809042b6426a3cfb61d99483b824"
  name = "github.com/hashicorp/go-multierror"
  packages = ["."]
  pruneopts = ""
  revision = "886a7fbe3eb1c874d46f623bfa70af45f425b3d1"
  version = "v1.0.0"

[[projects]]
  branch = "master"
  digest = "1:8b41cd00226c030c2a075230cd7c2030a05f2e3bab0a545ad059565f2c956b3d"
  name = "github.com/iancoleman/strcase"
  packages = ["."]
  pruneopts = ""
  revision = "e506e3ef73653e84c592ba44aab577a46678f68c"

[[projects]]
  digest = "1:387bc9c583e744c448f77cd90d0551634fc682d0af505d2fa955243a73f37c24"
  name = "github.com/jtolds/gls"
  packages = ["."]
  pruneopts = ""
  revision = "b4936e06046bbecbb94cae9c18127ebe510a2cb9"
  version = "v4.20"

[[projects]]
  branch = "master"
  digest = "1:cae59d7b8243c671c9f544965522ba35c0fec48ee80adb9f1400cd2f33abbbec"
  name = "github.com/mailru/easyjson"
  packages = [
    "buffer",
    "jlexer",
    "jwriter",
  ]
  pruneopts = ""
  revision = "1ea4449da9834f4d333f1cc461c374aea217d249"

[[projects]]
  digest = "1:bcc46a0fbd9e933087bef394871256b5c60269575bb661935874729c65bbbf60"
  name = "github.com/mitchellh/mapstructure"
  packages = ["."]
  pruneopts = ""
  revision = "3536a929edddb9a5b34bd6861dc4a9647cb459fe"
  version = "v1.1.2"

[[projects]]
  digest = "1:1d7e1867c49a6dd9856598ef7c3123604ea3daabf5b83f303ff457bcbc410b1d"
  name = "github.com/pkg/errors"
  packages = ["."]
  pruneopts = ""
  revision = "ba968bfe8b2f7e042a574c888954fccecfa385b4"
  version = "v0.8.1"

[[projects]]
  digest = "1:256484dbbcd271f9ecebc6795b2df8cad4c458dd0f5fd82a8c2fa0c29f233411"
  name = "github.com/pmezard/go-difflib"
  packages = ["difflib"]
  pruneopts = ""
  revision = "792786c7400a136282c1664665ae0a8db921c6c2"
  version = "v1.0.0"

[[projects]]
  digest = "1:08c30218d7d91abe41f45d1e6d6f8e297ba4c790d24427b9f63fe02e79ae67b1"
  name = "github.com/smartystreets/assertions"
  packages = [
    ".",
    "internal/go-diff/diffmatchpatch",
    "internal/go-render/render",
    "internal/oglematchers",
  ]
  pruneopts = ""
  revision = "f487f9de1cd36ebab28235b9373028812fb47cbd"
  version = "1.10.1"

[[projects]]
  digest = "1:dd808f0f1628ff85a1b54424d3e6a61c54a87353d5063b9b5c82ad360f0346d5"
  name = "github.com/smartystreets/goconvey"
  packages = [
    "convey",
    "convey/gotest",
    "convey/reporting",
  ]
  pruneopts = ""
  revision = "9e8dc3f972df6c8fcc0375ef492c24d0bb204857"
  version = "1.6.3"

[[projects]]
  digest = "1:381bcbeb112a51493d9d998bbba207a529c73dbb49b3fd789e48c63fac1f192c"
  name = "github.com/stretchr/testify"
  packages = ["assert"]
  pruneopts = ""
  revision = "ffdc059bfe9ce6a4e144ba849dbedead332c6053"
  version = "v1.3.0"

[[projects]]
  digest = "1:e85837cb04b78f61688c6eba93ea9d14f60d611e2aaf8319999b1a60d2dafbfa"
  name = "github.com/urfave/cli"
  packages = ["."]
  pruneopts = ""
  revision = "cfb38830724cc34fedffe9a2a29fb54fa9169cd1"
  version = "v1.20.0"

[[projects]]
  branch = "master"
  digest = "1:3fcc745bd071aa073bd666e01ff8df5fc72ab15f493ae7246710c66c738aab45"
  name = "golang.org/x/net"
  packages = [
    "context",
    "http/httpguts",
    "http2",
    "http2/hpack",
    "idna",
    "internal/timeseries",
    "trace",
  ]
  pruneopts = ""
  revision = "f3200d17e092c607f615320ecaad13d87ad9a2b3"

[[projects]]
  branch = "master"
  digest = "1:67eb682bc10f1293b906694c64363dca71bf4ee2f8965518727c47d080422af5"
  name = "golang.org/x/sys"
  packages = ["unix"]
  pruneopts = ""
  revision = "adf421d2caf4ffcf74142ff5fb9ee323b21a819e"

[[projects]]
  digest = "1:740b51a55815493a8d0f2b1e0d0ae48fe48953bf7eaf3fcc4198823bf67768c0"
  name = "golang.org/x/text"
  packages = [
    "collate",
    "collate/build",
    "internal/colltab",
    "internal/gen",
    "internal/language",
    "internal/language/compact",
    "internal/tag",
    "internal/triegen",
    "internal/ucd",
    "language",
    "secure/bidirule",
    "transform",
    "unicode/bidi",
    "unicode/cldr",
    "unicode/norm",
    "unicode/rangetable",
    "width",
  ]
  pruneopts = ""
  revision = "342b2e1fbaa52c93f31447ad2c6abc048c63e475"
  version = "v0.3.2"

[[projects]]
  branch = "master"
  digest = "1:2e06c8514f0bfe23e994142bfe3bb7271d2c0d08c84fb01234ae564ac7d71791"
  name = "golang.org/x/tools"
  packages = [
    "go/ast/astutil",
    "go/gcexportdata",
    "go/internal/gcimporter",
    "go/internal/packagesdriver",
    "go/packages",
    "go/types/typeutil",
    "imports",
    "internal/fastwalk",
    "internal/gopathwalk",
    "internal/imports",
    "internal/module",
    "internal/semver",
  ]
  pruneopts = ""
  revision = "7be61e1b0e514e106d83fc439d56a79143738603"

[[projects]]
  branch = "master"
  digest = "1:e07c01c79a9a7aa21369982f91e8e128f7155e6c26f062ab33ad5cde2176a90c"
  name = "google.golang.org/genproto"
  packages = ["googleapis/rpc/status"]
  pruneopts = ""
  revision = "c2c4e71fbf6989c3e46a18d65cb88c288f8a3a55"

[[projects]]
  digest = "1:6598c722afbc10dcbcace4e6504751b3a3b11f66d9251545fce457a66316c9a7"
  name = "google.golang.org/grpc"
  packages = [
    ".",
    "balancer",
    "balancer/base",
    "balancer/roundrobin",
    "binarylog/grpc_binarylog_v1",
    "codes",
    "connectivity",
    "credentials",
    "credentials/internal",
    "encoding",
    "encoding/proto",
    "grpclog",
    "internal",
    "internal/backoff",
    "internal/balancerload",
    "internal/binarylog",
    "internal/channelz",
    "internal/envconfig",
    "internal/grpcrand",
    "internal/grpcsync",
    "internal/syscall",
    "internal/transport",
    "keepalive",
    "metadata",
    "naming",
    "peer",
    "resolver",
    "resolver/dns",
    "resolver/passthrough",
    "stats",
    "status",
    "tap",
  ]
  pruneopts = ""
  revision = "869adfc8d5a43efc0d05780ad109106f457f51e4"
  version = "v1.21.0"

[[projects]]
  digest = "1:cedccf16b71e86db87a24f8d4c70b0a855872eb967cb906a66b95de56aefbd0d"
  name = "gopkg.in/yaml.v2"
  packages = ["."]
  pruneopts = ""
  revision = "51d6538a90f86fe93ac480b35f37b2be17fef232"
  version = "v2.2.2"

[solve-meta]
  analyzer-name = "dep"
  analyzer-version = 1
  input-imports = [
    "github.com/EGT-Ukraine/dataloaden/pkg/generator",
    "github.com/davecgh/go-spew/spew",
    "github.com/emicklei/proto",
    "github.com/go-openapi/errors",
    "github.com/go-openapi/runtime",
    "github.com/go-openapi/runtime/client",
    "github.com/go-openapi/spec",
    "github.com/go-openapi/strfmt",
    "github.com/go-openapi/swag",
    "github.com/golang/mock/gomock",
    "github.com/golang/protobuf/proto",
    "github.com/golang/protobuf/ptypes/empty",
    "github.com/golang/protobuf/ptypes/timestamp",
    "github.com/golang/protobuf/ptypes/wrappers",
    "github.com/graphql-go/graphql",
    "github.com/graphql-go/graphql/language/ast",
    "github.com/graphql-go/graphql/language/kinds",
    "github.com/graphql-go/handler",
    "github.com/hashicorp/go-multierror",
    "github.com/mitchellh/mapstructure",
    "github.com/pkg/errors",
    "github.com/smartystreets/goconvey/convey",
    "github.com/stretchr/testify/assert",
    "github.com/urfave/cli",
    "golang.org/x/net/context",
    "golang.org/x/tools/imports",
    "google.golang.org/grpc",
    "gopkg.in/yaml.v2",
  ]
  solver-name = "gps-cdcl"
  solver-version = 1
