# This file is autogenerated, do not edit; changes may be undone by the next 'dep ensure'.


[[projects]]
  digest = "1:8e47871087b94913898333f37af26732faaab30cdb41571136cf7aec9921dae7"
  name = "github.com/PuerkitoBio/purell"
  packages = ["."]
  pruneopts = ""
  revision = "0bcb03f4b4d0a9428594752bd2a3b9aa0a9d4bd4"
  version = "v1.1.0"

[[projects]]
  branch = "master"
  digest = "1:331a419049c2be691e5ba1d24342fc77c7e767a80c666a18fd8a9f7b82419c1c"
  name = "github.com/PuerkitoBio/urlesc"
  packages = ["."]
  pruneopts = ""
  revision = "de5bf2ad457846296e2031421a34e2568e304e35"

[[projects]]
  digest = "1:56c130d885a4aacae1dd9c7b71cfe39912c7ebc1ff7d2b46083c8812996dc43b"
  name = "github.com/davecgh/go-spew"
  packages = ["spew"]
  pruneopts = ""
  revision = "346938d642f2ec3594ed81d874461961cd0faa76"
  version = "v1.1.0"

[[projects]]
  digest = "1:705be935aaa5909d8603236d539948c303da6712339a625294c31db3d53737e2"
  name = "github.com/emicklei/proto"
  packages = ["."]
  pruneopts = ""
  revision = "31ca1a37608053a92355be293b13f08fe25e526e"
  version = "v1.6.5"

[[projects]]
  digest = "1:e116a4866bffeec941056a1fcfd37e520fad1ee60e4e3579719f19a43c392e10"
  name = "github.com/go-openapi/jsonpointer"
  packages = ["."]
  pruneopts = ""
  revision = "3a0015ad55fa9873f41605d3e8f28cd279c32ab2"
  version = "0.15.0"

[[projects]]
  digest = "1:3830527ef0f4f9b268d9286661c0f52f9115f8aefd9f45ee7352516f93489ac9"
  name = "github.com/go-openapi/jsonreference"
  packages = ["."]
  pruneopts = ""
  revision = "3fb327e6747da3043567ee86abd02bb6376b6be2"
  version = "0.15.0"

[[projects]]
  digest = "1:6caee195f5da296689270037c5a25c0bc3cc6e54ae5a356e395aa8946356dbc9"
  name = "github.com/go-openapi/spec"
  packages = ["."]
  pruneopts = ""
  revision = "bce47c9386f9ecd6b86f450478a80103c3fe1402"
  version = "0.15.0"

[[projects]]
  digest = "1:22da48dbccb0539f511efbbbdeba68081866892234e57a9d7c7f9848168ae30c"
  name = "github.com/go-openapi/swag"
  packages = ["."]
  pruneopts = ""
  revision = "2b0bd4f193d011c203529df626a65d63cb8a79e8"
  version = "0.15.0"

[[projects]]
  digest = "1:f958a1c137db276e52f0b50efee41a1a389dcdded59a69711f3e872757dab34b"
  name = "github.com/golang/protobuf"
  packages = [
    "proto",
    "ptypes",
    "ptypes/any",
    "ptypes/duration",
    "ptypes/timestamp",
  ]
  pruneopts = ""
  revision = "b4deda0973fb4c70b50d226b1af49f3da59f5265"
  version = "v1.1.0"

[[projects]]
  branch = "master"
  digest = "1:6919f4f0d769f1e797a3e85f58fbb6f6238fbe434e55638c24ee572aff90e1fc"
  name = "github.com/gopherjs/gopherjs"
  packages = ["js"]
  pruneopts = ""
  revision = "0892b62f0d9fb5857760c3cfca837207185117ee"

[[projects]]
  digest = "1:d8ead22d381cfed54d53be7d935eb0f9f2b75889a4fb595802844b805dc13b87"
  name = "github.com/jtolds/gls"
  packages = ["."]
  pruneopts = ""
  revision = "77f18212c9c7edc9bd6a33d383a7b545ce62f064"
  version = "v4.2.1"

[[projects]]
  branch = "master"
  digest = "1:d9e483f4b9e306facf126bd90b02d512bd22ea4471e1568867e32221a8abbb16"
  name = "github.com/mailru/easyjson"
  packages = [
    "buffer",
    "jlexer",
    "jwriter",
  ]
  pruneopts = ""
  revision = "3fdea8d05856a0c8df22ed4bc71b3219245e4485"

[[projects]]
  branch = "master"
  digest = "1:eb9117392ee8e7aa44f78e0db603f70b1050ee0ebda4bd40040befb5b218c546"
  name = "github.com/mitchellh/mapstructure"
  packages = ["."]
  pruneopts = ""
  revision = "bb74f1db0675b241733089d5a1faa5dd8b0ef57b"

[[projects]]
  digest = "1:78fb99d6011c2ae6c72f3293a83951311147b12b06a5ffa43abf750c4fab6ac5"
  name = "github.com/opentracing/opentracing-go"
  packages = [
    ".",
    "log",
  ]
  pruneopts = ""
  revision = "1949ddbfd147afd4d964a9f00b24eb291e0e7c38"
  version = "v1.0.2"

[[projects]]
  digest = "1:7365acd48986e205ccb8652cc746f09c8b7876030d53710ea6ef7d0bd0dcd7ca"
  name = "github.com/pkg/errors"
  packages = ["."]
  pruneopts = ""
  revision = "645ef00459ed84a119197bfb8d8205042c6df63d"
  version = "v0.8.0"

[[projects]]
  digest = "1:256484dbbcd271f9ecebc6795b2df8cad4c458dd0f5fd82a8c2fa0c29f233411"
  name = "github.com/pmezard/go-difflib"
  packages = ["difflib"]
  pruneopts = ""
  revision = "792786c7400a136282c1664665ae0a8db921c6c2"
  version = "v1.0.0"

[[projects]]
  digest = "1:d889959652c2a0b90a69377eddc0f69f54f394d17d1c14bb5bd9138972e19acd"
  name = "github.com/saturn4er/graphql"
  packages = [
    ".",
    "gqlerrors",
    "language/ast",
    "language/kinds",
    "language/lexer",
    "language/location",
    "language/parser",
    "language/printer",
    "language/source",
    "language/typeInfo",
    "language/visitor",
  ]
  pruneopts = ""
  revision = "330d754c1ec153ed6eff37b73d78e101b2eae15d"
  version = "0.7.7"

[[projects]]
  digest = "1:c686b5040ec4be5005e10020ce3d1d7f888bfae796a039addf7d9071d8776be8"
  name = "github.com/smartystreets/assertions"
  packages = [
    ".",
    "internal/go-render/render",
    "internal/oglematchers",
  ]
  pruneopts = ""
  revision = "7678a5452ebea5b7090a6b163f844c133f523da2"
  version = "1.8.3"

[[projects]]
  digest = "1:dd808f0f1628ff85a1b54424d3e6a61c54a87353d5063b9b5c82ad360f0346d5"
  name = "github.com/smartystreets/goconvey"
  packages = [
    "convey",
    "convey/gotest",
    "convey/reporting",
  ]
  pruneopts = ""
  revision = "9e8dc3f972df6c8fcc0375ef492c24d0bb204857"
  version = "1.6.3"

[[projects]]
  digest = "1:c587772fb8ad29ad4db67575dad25ba17a51f072ff18a22b4f0257a4d9c24f75"
  name = "github.com/stretchr/testify"
  packages = ["assert"]
  pruneopts = ""
  revision = "f35b8ab0b5a2cef36673838d662e249dd9c94686"
  version = "v1.2.2"

[[projects]]
  digest = "1:e85837cb04b78f61688c6eba93ea9d14f60d611e2aaf8319999b1a60d2dafbfa"
  name = "github.com/urfave/cli"
  packages = ["."]
  pruneopts = ""
  revision = "cfb38830724cc34fedffe9a2a29fb54fa9169cd1"
  version = "v1.20.0"

[[projects]]
  branch = "master"
  digest = "1:7a2d59e5fc661ccf4ae7dc301c1a7332ec59b2ee435f78aa3eaa65cacb256370"
  name = "golang.org/x/net"
  packages = [
    "context",
    "http/httpguts",
    "http2",
    "http2/hpack",
    "idna",
    "internal/timeseries",
    "trace",
  ]
  pruneopts = ""
  revision = "d0887baf81f4598189d4e12a37c6da86f0bba4d0"

[[projects]]
  digest = "1:5acd3512b047305d49e8763eef7ba423901e85d5dd2fd1e71778a0ea8de10bd4"
  name = "golang.org/x/text"
  packages = [
    "collate",
    "collate/build",
    "internal/colltab",
    "internal/gen",
    "internal/tag",
    "internal/triegen",
    "internal/ucd",
    "language",
    "secure/bidirule",
    "transform",
    "unicode/bidi",
    "unicode/cldr",
    "unicode/norm",
    "unicode/rangetable",
    "width",
  ]
  pruneopts = ""
  revision = "f21a4dfb5e38f5895301dc265a8def02365cc3d0"
  version = "v0.3.0"

[[projects]]
  branch = "master"
  digest = "1:b3123d1f332e4536a69174a97ae8333cfef1ef502942a9d956dee761314b44c9"
  name = "golang.org/x/tools"
  packages = [
    "go/ast/astutil",
    "imports",
    "internal/fastwalk",
  ]
  pruneopts = ""
  revision = "2087f8c10712366cfc2f4fcb1bf99eeef61ab21e"

[[projects]]
  branch = "master"
  digest = "1:524c6df2f66ff8f36b07472a5510e6a3098fe42fa5b59362f912a08704204dca"
  name = "google.golang.org/genproto"
  packages = ["googleapis/rpc/status"]
  pruneopts = ""
  revision = "e92b116572682a5b432ddd840aeaba2a559eeff1"

[[projects]]
  digest = "1:5f31b45ee9da7a87f140bef3ed0a7ca34ea2a6d38eb888123b8e28170e8aa4f2"
  name = "google.golang.org/grpc"
  packages = [
    ".",
    "balancer",
    "balancer/base",
    "balancer/roundrobin",
    "codes",
    "connectivity",
    "credentials",
    "encoding",
    "encoding/proto",
    "grpclog",
    "internal",
    "internal/backoff",
    "internal/channelz",
    "internal/grpcrand",
    "keepalive",
    "metadata",
    "naming",
    "peer",
    "resolver",
    "resolver/dns",
    "resolver/passthrough",
    "stats",
    "status",
    "tap",
    "transport",
  ]
  pruneopts = ""
  revision = "168a6198bcb0ef175f7dacec0b8691fc141dc9b8"
  version = "v1.13.0"

[[projects]]
  digest = "1:f0620375dd1f6251d9973b5f2596228cc8042e887cd7f827e4220bc1ce8c30e2"
  name = "gopkg.in/yaml.v2"
  packages = ["."]
  pruneopts = ""
  revision = "5420a8b6744d3b0345ab293f6fcba19c978f1183"
  version = "v2.2.1"

[solve-meta]
  analyzer-name = "dep"
  analyzer-version = 1
  input-imports = [
    "github.com/davecgh/go-spew/spew",
    "github.com/emicklei/proto",
    "github.com/go-openapi/spec",
    "github.com/go-openapi/swag",
    "github.com/golang/protobuf/proto",
    "github.com/golang/protobuf/ptypes/timestamp",
    "github.com/mitchellh/mapstructure",
    "github.com/opentracing/opentracing-go",
    "github.com/pkg/errors",
    "github.com/saturn4er/graphql",
    "github.com/saturn4er/graphql/language/ast",
    "github.com/saturn4er/graphql/language/kinds",
    "github.com/smartystreets/goconvey/convey",
    "github.com/stretchr/testify/assert",
    "github.com/urfave/cli",
    "golang.org/x/net/context",
    "golang.org/x/tools/imports",
    "google.golang.org/grpc",
    "gopkg.in/yaml.v2",
  ]
  solver-name = "gps-cdcl"
  solver-version = 1
